
Microsoft Visual Studio Solution File, Format Version 12.00
# Visual Studio Version 16
VisualStudioVersion = 16.0.31005.135
MinimumVisualStudioVersion = 10.0.40219.1
Project("{FAE04EC0-301F-11D3-BF4B-00C04F79EFBC}") = "Furniture_Store", "Furniture_Store.csproj", "{3249CB04-1B24-4783-AB60-005B93881C70}"
EndProject
Global
	GlobalSection(SolutionConfigurationPlatforms) = preSolution
		Debug|Any CPU = Debug|Any CPU
		Release|Any CPU = Release|Any CPU
	EndGlobalSection
	GlobalSection(ProjectConfigurationPlatforms) = postSolution
		{3249CB04-1B24-4783-AB60-005B93881C70}.Debug|Any CPU.ActiveCfg = Debug|Any CPU
		{3249CB04-1B24-4783-AB60-005B93881C70}.Debug|Any CPU.Build.0 = Debug|Any CPU
		{3249CB04-1B24-4783-AB60-005B93881C70}.Release|Any CPU.ActiveCfg = Release|Any CPU
		{3249CB04-1B24-4783-AB60-005B93881C70}.Release|Any CPU.Build.0 = Release|Any CPU
	EndGlobalSection
	GlobalSection(SolutionProperties) = preSolution
		HideSolutionNode = FALSE
	EndGlobalSection
	GlobalSection(ExtensibilityGlobals) = postSolution
		SolutionGuid = {E057671F-42D1-4AD8-B8D1-C7ECCB005D40}
	EndGlobalSection
EndGlobal
